
Microsoft Visual Studio Solution File, Format Version 12.00
# Visual Studio 15
VisualStudioVersion = 15.0.28307.572
MinimumVisualStudioVersion = 10.0.40219.1
Project("{FAE04EC0-301F-11D3-BF4B-00C04F79EFBC}") = "CoffeeManagement", "CoffeeManagement\CoffeeManagement.csproj", "{F310F676-A5DF-4B7B-B94E-748D4C08D81F}"
EndProject
Project("{FAE04EC0-301F-11D3-BF4B-00C04F79EFBC}") = "DTO", "DTO\DTO.csproj", "{289F1070-5FE9-411D-BB81-92124258850E}"
EndProject
Project("{FAE04EC0-301F-11D3-BF4B-00C04F79EFBC}") = "DAL", "DAL\DAL.csproj", "{6B1D0CC0-C1E4-4748-9B8D-202B371CB714}"
EndProject
Project("{FAE04EC0-301F-11D3-BF4B-00C04F79EFBC}") = "BUS", "BUS\BUS.csproj", "{0BAB501C-2FDE-4DA2-9599-F456939EAFD9}"
EndProject
Global
	GlobalSection(SolutionConfigurationPlatforms) = preSolution
		Debug|Any CPU = Debug|Any CPU
		Release|Any CPU = Release|Any CPU
	EndGlobalSection
	GlobalSection(ProjectConfigurationPlatforms) = postSolution
		{F310F676-A5DF-4B7B-B94E-748D4C08D81F}.Debug|Any CPU.ActiveCfg = Debug|Any CPU
		{F310F676-A5DF-4B7B-B94E-748D4C08D81F}.Debug|Any CPU.Build.0 = Debug|Any CPU
		{F310F676-A5DF-4B7B-B94E-748D4C08D81F}.Release|Any CPU.ActiveCfg = Release|Any CPU
		{F310F676-A5DF-4B7B-B94E-748D4C08D81F}.Release|Any CPU.Build.0 = Release|Any CPU
		{289F1070-5FE9-411D-BB81-92124258850E}.Debug|Any CPU.ActiveCfg = Debug|Any CPU
		{289F1070-5FE9-411D-BB81-92124258850E}.Debug|Any CPU.Build.0 = Debug|Any CPU
		{289F1070-5FE9-411D-BB81-92124258850E}.Release|Any CPU.ActiveCfg = Release|Any CPU
		{289F1070-5FE9-411D-BB81-92124258850E}.Release|Any CPU.Build.0 = Release|Any CPU
		{6B1D0CC0-C1E4-4748-9B8D-202B371CB714}.Debug|Any CPU.ActiveCfg = Debug|Any CPU
		{6B1D0CC0-C1E4-4748-9B8D-202B371CB714}.Debug|Any CPU.Build.0 = Debug|Any CPU
		{6B1D0CC0-C1E4-4748-9B8D-202B371CB714}.Release|Any CPU.ActiveCfg = Release|Any CPU
		{6B1D0CC0-C1E4-4748-9B8D-202B371CB714}.Release|Any CPU.Build.0 = Release|Any CPU
		{0BAB501C-2FDE-4DA2-9599-F456939EAFD9}.Debug|Any CPU.ActiveCfg = Debug|Any CPU
		{0BAB501C-2FDE-4DA2-9599-F456939EAFD9}.Debug|Any CPU.Build.0 = Debug|Any CPU
		{0BAB501C-2FDE-4DA2-9599-F456939EAFD9}.Release|Any CPU.ActiveCfg = Release|Any CPU
		{0BAB501C-2FDE-4DA2-9599-F456939EAFD9}.Release|Any CPU.Build.0 = Release|Any CPU
	EndGlobalSection
	GlobalSection(SolutionProperties) = preSolution
		HideSolutionNode = FALSE
	EndGlobalSection
	GlobalSection(ExtensibilityGlobals) = postSolution
		SolutionGuid = {A5F74A0C-46B0-41AA-9607-0C22D142A0E8}
	EndGlobalSection
EndGlobal
