
Microsoft Visual Studio Solution File, Format Version 12.00
# Visual Studio 15
VisualStudioVersion = 15.0.28307.572
MinimumVisualStudioVersion = 10.0.40219.1
Project("{FAE04EC0-301F-11D3-BF4B-00C04F79EFBC}") = "CoffeeManagement", "CoffeeManagement\CoffeeManagement.csproj", "{4B5E0399-D78A-4BE7-B5BF-794C98C00EB3}"
EndProject
Global
	GlobalSection(SolutionConfigurationPlatforms) = preSolution
		Debug|Any CPU = Debug|Any CPU
		Release|Any CPU = Release|Any CPU
	EndGlobalSection
	GlobalSection(ProjectConfigurationPlatforms) = postSolution
		{4B5E0399-D78A-4BE7-B5BF-794C98C00EB3}.Debug|Any CPU.ActiveCfg = Debug|Any CPU
		{4B5E0399-D78A-4BE7-B5BF-794C98C00EB3}.Debug|Any CPU.Build.0 = Debug|Any CPU
		{4B5E0399-D78A-4BE7-B5BF-794C98C00EB3}.Release|Any CPU.ActiveCfg = Release|Any CPU
		{4B5E0399-D78A-4BE7-B5BF-794C98C00EB3}.Release|Any CPU.Build.0 = Release|Any CPU
	EndGlobalSection
	GlobalSection(SolutionProperties) = preSolution
		HideSolutionNode = FALSE
	EndGlobalSection
	GlobalSection(ExtensibilityGlobals) = postSolution
		SolutionGuid = {927C55A8-29B8-415F-A188-754BAA4DD841}
	EndGlobalSection
EndGlobal
